
Microsoft Visual Studio Solution File, Format Version 12.00
# Visual Studio Version 17
VisualStudioVersion = 17.14.36518.9 d17.14
MinimumVisualStudioVersion = 10.0.40219.1
Project("{FAE04EC0-301F-11D3-BF4B-00C04F79EFBC}") = "EventEase", "EventEase\EventEase.csproj", "{821061C3-A0B6-47B6-9A20-B2E0D1541F2E}"
EndProject
Global
	GlobalSection(SolutionConfigurationPlatforms) = preSolution
		Debug|Any CPU = Debug|Any CPU
		Release|Any CPU = Release|Any CPU
	EndGlobalSection
	GlobalSection(ProjectConfigurationPlatforms) = postSolution
		{821061C3-A0B6-47B6-9A20-B2E0D1541F2E}.Debug|Any CPU.ActiveCfg = Debug|Any CPU
		{821061C3-A0B6-47B6-9A20-B2E0D1541F2E}.Debug|Any CPU.Build.0 = Debug|Any CPU
		{821061C3-A0B6-47B6-9A20-B2E0D1541F2E}.Release|Any CPU.ActiveCfg = Release|Any CPU
		{821061C3-A0B6-47B6-9A20-B2E0D1541F2E}.Release|Any CPU.Build.0 = Release|Any CPU
	EndGlobalSection
	GlobalSection(SolutionProperties) = preSolution
		HideSolutionNode = FALSE
	EndGlobalSection
	GlobalSection(ExtensibilityGlobals) = postSolution
		SolutionGuid = {EDE447A1-9CB8-47BF-B73C-A996DC84B075}
	EndGlobalSection
EndGlobal
